FORGE
  remote: https://forgeapi.puppetlabs.com
  specs:
    puppetlabs-concat (6.2.0)
      puppetlabs-stdlib (< 7.0.0, >= 4.13.1)
      puppetlabs-translate (< 3.0.0, >= 1.0.0)
    puppetlabs-stdlib (6.2.0)
    puppetlabs-translate (2.1.0)

DEPENDENCIES
  puppetlabs-concat (>= 1.2.0)
  puppetlabs-stdlib (>= 4.2.0)

